
Microsoft Visual Studio Solution File, Format Version 12.00
# Visual Studio Version 16
VisualStudioVersion = 16.0.31702.278
MinimumVisualStudioVersion = 10.0.40219.1
Project("{FAE04EC0-301F-11D3-BF4B-00C04F79EFBC}") = "lab2", "lab2.csproj", "{56FE8E3C-429F-4E36-9747-2C10C78C6FA2}"
EndProject
Global
	GlobalSection(SolutionConfigurationPlatforms) = preSolution
		Debug|Any CPU = Debug|Any CPU
		Release|Any CPU = Release|Any CPU
	EndGlobalSection
	GlobalSection(ProjectConfigurationPlatforms) = postSolution
		{56FE8E3C-429F-4E36-9747-2C10C78C6FA2}.Debug|Any CPU.ActiveCfg = Debug|Any CPU
		{56FE8E3C-429F-4E36-9747-2C10C78C6FA2}.Debug|Any CPU.Build.0 = Debug|Any CPU
		{56FE8E3C-429F-4E36-9747-2C10C78C6FA2}.Release|Any CPU.ActiveCfg = Release|Any CPU
		{56FE8E3C-429F-4E36-9747-2C10C78C6FA2}.Release|Any CPU.Build.0 = Release|Any CPU
	EndGlobalSection
	GlobalSection(SolutionProperties) = preSolution
		HideSolutionNode = FALSE
	EndGlobalSection
	GlobalSection(ExtensibilityGlobals) = postSolution
		SolutionGuid = {38A14A2C-951F-43BF-84F5-6C805B718134}
	EndGlobalSection
EndGlobal
